
Microsoft Visual Studio Solution File, Format Version 12.00
# Visual Studio Version 17
VisualStudioVersion = 17.4.33103.184
MinimumVisualStudioVersion = 10.0.40219.1
Project("{FAE04EC0-301F-11D3-BF4B-00C04F79EFBC}") = "WebProject", "WebProject\WebProject.csproj", "{4569CEDA-1F77-4F2D-9494-928D8B759019}"
EndProject
Global
	GlobalSection(SolutionConfigurationPlatforms) = preSolution
		Debug|Any CPU = Debug|Any CPU
		Release|Any CPU = Release|Any CPU
	EndGlobalSection
	GlobalSection(ProjectConfigurationPlatforms) = postSolution
		{4569CEDA-1F77-4F2D-9494-928D8B759019}.Debug|Any CPU.ActiveCfg = Debug|Any CPU
		{4569CEDA-1F77-4F2D-9494-928D8B759019}.Debug|Any CPU.Build.0 = Debug|Any CPU
		{4569CEDA-1F77-4F2D-9494-928D8B759019}.Release|Any CPU.ActiveCfg = Release|Any CPU
		{4569CEDA-1F77-4F2D-9494-928D8B759019}.Release|Any CPU.Build.0 = Release|Any CPU
	EndGlobalSection
	GlobalSection(SolutionProperties) = preSolution
		HideSolutionNode = FALSE
	EndGlobalSection
	GlobalSection(ExtensibilityGlobals) = postSolution
		SolutionGuid = {5FE23954-D103-4E84-8230-8DC85CCEB88F}
	EndGlobalSection
EndGlobal
